
Microsoft Visual Studio Solution File, Format Version 12.00
# Visual Studio Version 16
VisualStudioVersion = 16.0.31112.23
MinimumVisualStudioVersion = 10.0.40219.1
Project("{FAE04EC0-301F-11D3-BF4B-00C04F79EFBC}") = "Lab12Var4", "Lab12Var4.csproj", "{63E94CF3-7043-45E4-B0B9-77823FAB041C}"
EndProject
Global
	GlobalSection(SolutionConfigurationPlatforms) = preSolution
		Debug|Any CPU = Debug|Any CPU
		Release|Any CPU = Release|Any CPU
	EndGlobalSection
	GlobalSection(ProjectConfigurationPlatforms) = postSolution
		{63E94CF3-7043-45E4-B0B9-77823FAB041C}.Debug|Any CPU.ActiveCfg = Debug|Any CPU
		{63E94CF3-7043-45E4-B0B9-77823FAB041C}.Debug|Any CPU.Build.0 = Debug|Any CPU
		{63E94CF3-7043-45E4-B0B9-77823FAB041C}.Release|Any CPU.ActiveCfg = Release|Any CPU
		{63E94CF3-7043-45E4-B0B9-77823FAB041C}.Release|Any CPU.Build.0 = Release|Any CPU
	EndGlobalSection
	GlobalSection(SolutionProperties) = preSolution
		HideSolutionNode = FALSE
	EndGlobalSection
	GlobalSection(ExtensibilityGlobals) = postSolution
		SolutionGuid = {6144D638-D36F-4B72-8C94-124D1DAF8DB2}
	EndGlobalSection
EndGlobal
